
Microsoft Visual Studio Solution File, Format Version 12.00
# Visual Studio Version 16
VisualStudioVersion = 16.0.30011.22
MinimumVisualStudioVersion = 10.0.40219.1
Project("{9A19103F-16F7-4668-BE54-9A1E7A4F7556}") = "App.Console", "App\App.Console.csproj", "{93377B87-4312-4D26-8170-169252B65E09}"
EndProject
Project("{FAE04EC0-301F-11D3-BF4B-00C04F79EFBC}") = "App.Core", "App.Core\App.Core.csproj", "{7571A2C3-5F69-40BE-8801-6C076463CC68}"
EndProject
Project("{FAE04EC0-301F-11D3-BF4B-00C04F79EFBC}") = "App.Infrastructure", "App.Infrastructure\App.Infrastructure.csproj", "{FF6594D7-5826-48AD-B93D-56529050BC83}"
EndProject
Project("{FAE04EC0-301F-11D3-BF4B-00C04F79EFBC}") = "App.Install", "App.Install\App.Install.csproj", "{A42280DF-25A5-4576-8930-76015A5B0BA1}"
EndProject
Global
	GlobalSection(SolutionConfigurationPlatforms) = preSolution
		Debug|Any CPU = Debug|Any CPU
		Release|Any CPU = Release|Any CPU
	EndGlobalSection
	GlobalSection(ProjectConfigurationPlatforms) = postSolution
		{93377B87-4312-4D26-8170-169252B65E09}.Debug|Any CPU.ActiveCfg = Debug|Any CPU
		{93377B87-4312-4D26-8170-169252B65E09}.Debug|Any CPU.Build.0 = Debug|Any CPU
		{93377B87-4312-4D26-8170-169252B65E09}.Release|Any CPU.ActiveCfg = Release|Any CPU
		{93377B87-4312-4D26-8170-169252B65E09}.Release|Any CPU.Build.0 = Release|Any CPU
		{7571A2C3-5F69-40BE-8801-6C076463CC68}.Debug|Any CPU.ActiveCfg = Debug|Any CPU
		{7571A2C3-5F69-40BE-8801-6C076463CC68}.Debug|Any CPU.Build.0 = Debug|Any CPU
		{7571A2C3-5F69-40BE-8801-6C076463CC68}.Release|Any CPU.ActiveCfg = Release|Any CPU
		{7571A2C3-5F69-40BE-8801-6C076463CC68}.Release|Any CPU.Build.0 = Release|Any CPU
		{FF6594D7-5826-48AD-B93D-56529050BC83}.Debug|Any CPU.ActiveCfg = Debug|Any CPU
		{FF6594D7-5826-48AD-B93D-56529050BC83}.Debug|Any CPU.Build.0 = Debug|Any CPU
		{FF6594D7-5826-48AD-B93D-56529050BC83}.Release|Any CPU.ActiveCfg = Release|Any CPU
		{FF6594D7-5826-48AD-B93D-56529050BC83}.Release|Any CPU.Build.0 = Release|Any CPU
		{A42280DF-25A5-4576-8930-76015A5B0BA1}.Debug|Any CPU.ActiveCfg = Debug|Any CPU
		{A42280DF-25A5-4576-8930-76015A5B0BA1}.Debug|Any CPU.Build.0 = Debug|Any CPU
		{A42280DF-25A5-4576-8930-76015A5B0BA1}.Release|Any CPU.ActiveCfg = Release|Any CPU
		{A42280DF-25A5-4576-8930-76015A5B0BA1}.Release|Any CPU.Build.0 = Release|Any CPU
	EndGlobalSection
	GlobalSection(SolutionProperties) = preSolution
		HideSolutionNode = FALSE
	EndGlobalSection
	GlobalSection(ExtensibilityGlobals) = postSolution
		SolutionGuid = {D6219072-447A-4C92-A12B-E16093A245AA}
	EndGlobalSection
EndGlobal
